{
  "name": "bunnyquery",
  "version": "1.2.0",
  "lockfileVersion": 3,
  "requires": true,
  "packages": {
    "": {
      "name": "bunnyquery",
      "version": "1.2.0",
      "license": "Apache-2.0",
      "dependencies": {
        "basic-node-server": "^1.1.1"
      }
    },
    "node_modules/basic-node-server": {
      "version": "1.1.1",
      "resolved": "https://registry.npmjs.org/basic-node-server/-/basic-node-server-1.1.1.tgz",
      "integrity": "sha512-9Sbmby9f+YHp39KbjncSXp4x3pB2S8PvxaLw7N9A1Rqci6qmR28oWgKfl8UKJb7j69pfYhPB06wij1sHGMbyRg==",
      "license": "MIT",
      "bin": {
        "bns": "bns.js"
      }
    }
  }
}
