{
  "name": "bunnyquery",
  "version": "1.0.0",
  "lockfileVersion": 3,
  "requires": true,
  "packages": {
    "": {
      "name": "bunnyquery",
      "version": "1.0.0",
      "license": "ISC",
      "dependencies": {
        "basic-node-server": "^1.1.0"
      }
    },
    "node_modules/basic-node-server": {
      "version": "1.1.0",
      "resolved": "https://registry.npmjs.org/basic-node-server/-/basic-node-server-1.1.0.tgz",
      "integrity": "sha512-+jgcPh38jWTTiq+fpm07EBrvWEilp6WJ9MYm921MWWGf3ff0qHV7JMzwtcfSuDgXVW6pRDdrzKAJVEwd6Tla2w==",
      "license": "MIT",
      "bin": {
        "bns": "bns.js"
      }
    }
  }
}
